// !$*UTF8*$!
{
	archiveVersion = 1;
	classes = {
	};
	objectVersion = 46;
	objects = {

/* Begin PBXBuildFile section */
		220075DD1C22506B00E20070 /* main.m in Sources */ = {isa = PBXBuildFile; fileRef = 220075DC1C22506B00E20070 /* main.m */; };
		220075E01C22506B00E20070 /* AppDelegate.m in Sources */ = {isa = PBXBuildFile; fileRef = 220075DF1C22506B00E20070 /* AppDelegate.m */; };
		220075E31C22506B00E20070 /* ViewController.m in Sources */ = {isa = PBXBuildFile; fileRef = 220075E21C22506B00E20070 /* ViewController.m */; };
		220075E61C22506B00E20070 /* Main.storyboard in Resources */ = {isa = PBXBuildFile; fileRef = 220075E41C22506B00E20070 /* Main.storyboard */; };
		220075E81C22506B00E20070 /* Assets.xcassets in Resources */ = {isa = PBXBuildFile; fileRef = 220075E71C22506B00E20070 /* Assets.xcassets */; };
		220075EB1C22506B00E20070 /* LaunchScreen.storyboard in Resources */ = {isa = PBXBuildFile; fileRef = 220075E91C22506B00E20070 /* LaunchScreen.storyboard */; };
		220075F61C22506B00E20070 /* _____Tests.m in Sources */ = {isa = PBXBuildFile; fileRef = 220075F51C22506B00E20070 /* _____Tests.m */; };
		220076011C22506B00E20070 /* _____UITests.m in Sources */ = {isa = PBXBuildFile; fileRef = 220076001C22506B00E20070 /* _____UITests.m */; };
/* End PBXBuildFile section */

/* Begin PBXContainerItemProxy section */
		220075F21C22506B00E20070 /* PBXContainerItemProxy */ = {
			isa = PBXContainerItemProxy;
			containerPortal = 220075D01C22506B00E20070 /* Project object */;
			proxyType = 1;
			remoteGlobalIDString = 220075D71C22506B00E20070;
			remoteInfo = "调整行间距";
		};
		220075FD1C22506B00E20070 /* PBXContainerItemProxy */ = {
			isa = PBXContainerItemProxy;
			containerPortal = 220075D01C22506B00E20070 /* Project object */;
			proxyType = 1;
			remoteGlobalIDString = 220075D71C22506B00E20070;
			remoteInfo = "调整行间距";
		};
/* End PBXContainerItemProxy section */

/* Begin PBXFileReference section */
		220075D81C22506B00E20070 /* 调整行间距.app */ = {isa = PBXFileReference; explicitFileType = wrapper.application; includeInIndex = 0; path = "调整行间距.app"; sourceTree = BUILT_PRODUCTS_DIR; };
		220075DC1C22506B00E20070 /* main.m */ = {isa = PBXFileReference; lastKnownFileType = sourcecode.c.objc; path = main.m; sourceTree = "<group>"; };
		220075DE1C22506B00E20070 /* AppDelegate.h */ = {isa = PBXFileReference; lastKnownFileType = sourcecode.c.h; path = AppDelegate.h; sourceTree = "<group>"; };
		220075DF1C22506B00E20070 /* AppDelegate.m */ = {isa = PBXFileReference; lastKnownFileType = sourcecode.c.objc; path = AppDelegate.m; sourceTree = "<group>"; };
		220075E11C22506B00E20070 /* ViewController.h */ = {isa = PBXFileReference; lastKnownFileType = sourcecode.c.h; path = ViewController.h; sourceTree = "<group>"; };
		220075E21C22506B00E20070 /* ViewController.m */ = {isa = PBXFileReference; lastKnownFileType = sourcecode.c.objc; path = ViewController.m; sourceTree = "<group>"; };
		220075E51C22506B00E20070 /* Base */ = {isa = PBXFileReference; lastKnownFileType = file.storyboard; name = Base; path = Base.lproj/Main.storyboard; sourceTree = "<group>"; };
		220075E71C22506B00E20070 /* Assets.xcassets */ = {isa = PBXFileReference; lastKnownFileType = folder.assetcatalog; path = Assets.xcassets; sourceTree = "<group>"; };
		220075EA1C22506B00E20070 /* Base */ = {isa = PBXFileReference; lastKnownFileType = file.storyboard; name = Base; path = Base.lproj/LaunchScreen.storyboard; sourceTree = "<group>"; };
		220075EC1C22506B00E20070 /* Info.plist */ = {isa = PBXFileReference; lastKnownFileType = text.plist.xml; path = Info.plist; sourceTree = "<group>"; };
		220075F11C22506B00E20070 /* 调整行间距Tests.xctest */ = {isa = PBXFileReference; explicitFileType = wrapper.cfbundle; includeInIndex = 0; path = "调整行间距Tests.xctest"; sourceTree = BUILT_PRODUCTS_DIR; };
		220075F51C22506B00E20070 /* _____Tests.m */ = {isa = PBXFileReference; lastKnownFileType = sourcecode.c.objc; path = "_____Tests.m"; sourceTree = "<group>"; };
		220075F71C22506B00E20070 /* Info.plist */ = {isa = PBXFileReference; lastKnownFileType = text.plist.xml; path = Info.plist; sourceTree = "<group>"; };
		220075FC1C22506B00E20070 /* 调整行间距UITests.xctest */ = {isa = PBXFileReference; explicitFileType = wrapper.cfbundle; includeInIndex = 0; path = "调整行间距UITests.xctest"; sourceTree = BUILT_PRODUCTS_DIR; };
		220076001C22506B00E20070 /* _____UITests.m */ = {isa = PBXFileReference; lastKnownFileType = sourcecode.c.objc; path = "_____UITests.m"; sourceTree = "<group>"; };
		220076021C22506B00E20070 /* Info.plist */ = {isa = PBXFileReference; lastKnownFileType = text.plist.xml; path = Info.plist; sourceTree = "<group>"; };
/* End PBXFileReference section */

/* Begin PBXFrameworksBuildPhase section */
		220075D51C22506B00E20070 /* Frameworks */ = {
			isa = PBXFrameworksBuildPhase;
			buildActionMask = 2147483647;
			files = (
			);
			runOnlyForDeploymentPostprocessing = 0;
		};
		220075EE1C22506B00E20070 /* Frameworks */ = {
			isa = PBXFrameworksBuildPhase;
			buildActionMask = 2147483647;
			files = (
			);
			runOnlyForDeploymentPostprocessing = 0;
		};
		220075F91C22506B00E20070 /* Frameworks */ = {
			isa = PBXFrameworksBuildPhase;
			buildActionMask = 2147483647;
			files = (
			);
			runOnlyForDeploymentPostprocessing = 0;
		};
/* End PBXFrameworksBuildPhase section */

/* Begin PBXGroup section */
		220075CF1C22506B00E20070 = {
			isa = PBXGroup;
			children = (
				220075DA1C22506B00E20070 /* 调整行间距 */,
				220075F41C22506B00E20070 /* 调整行间距Tests */,
				220075FF1C22506B00E20070 /* 调整行间距UITests */,
				220075D91C22506B00E20070 /* Products */,
			);
			sourceTree = "<group>";
		};
		220075D91C22506B00E20070 /* Products */ = {
			isa = PBXGroup;
			children = (
				220075D81C22506B00E20070 /* 调整行间距.app */,
				220075F11C22506B00E20070 /* 调整行间距Tests.xctest */,
				220075FC1C22506B00E20070 /* 调整行间距UITests.xctest */,
			);
			name = Products;
			sourceTree = "<group>";
		};
		220075DA1C22506B00E20070 /* 调整行间距 */ = {
			isa = PBXGroup;
			children = (
				220075DE1C22506B00E20070 /* AppDelegate.h */,
				220075DF1C22506B00E20070 /* AppDelegate.m */,
				220075E11C22506B00E20070 /* ViewController.h */,
				220075E21C22506B00E20070 /* ViewController.m */,
				220075E41C22506B00E20070 /* Main.storyboard */,
				220075E71C22506B00E20070 /* Assets.xcassets */,
				220075E91C22506B00E20070 /* LaunchScreen.storyboard */,
				220075EC1C22506B00E20070 /* Info.plist */,
				220075DB1C22506B00E20070 /* Supporting Files */,
			);
			path = "调整行间距";
			sourceTree = "<group>";
		};
		220075DB1C22506B00E20070 /* Supporting Files */ = {
			isa = PBXGroup;
			children = (
				220075DC1C22506B00E20070 /* main.m */,
			);
			name = "Supporting Files";
			sourceTree = "<group>";
		};
		220075F41C22506B00E20070 /* 调整行间距Tests */ = {
			isa = PBXGroup;
			children = (
				220075F51C22506B00E20070 /* _____Tests.m */,
				220075F71C22506B00E20070 /* Info.plist */,
			);
			path = "调整行间距Tests";
			sourceTree = "<group>";
		};
		220075FF1C22506B00E20070 /* 调整行间距UITests */ = {
			isa = PBXGroup;
			children = (
				220076001C22506B00E20070 /* _____UITests.m */,
				220076021C22506B00E20070 /* Info.plist */,
			);
			path = "调整行间距UITests";
			sourceTree = "<group>";
		};
/* End PBXGroup section */

/* Begin PBXNativeTarget section */
		220075D71C22506B00E20070 /* 调整行间距 */ = {
			isa = PBXNativeTarget;
			buildConfigurationList = 220076051C22506B00E20070 /* Build configuration list for PBXNativeTarget "调整行间距" */;
			buildPhases = (
				220075D41C22506B00E20070 /* Sources */,
				220075D51C22506B00E20070 /* Frameworks */,
				220075D61C22506B00E20070 /* Resources */,
			);
			buildRules = (
			);
			dependencies = (
			);
			name = "调整行间距";
			productName = "调整行间距";
			productReference = 220075D81C22506B00E20070 /* 调整行间距.app */;
			productType = "com.apple.product-type.application";
		};
		220075F01C22506B00E20070 /* 调整行间距Tests */ = {
			isa = PBXNativeTarget;
			buildConfigurationList = 220076081C22506B00E20070 /* Build configuration list for PBXNativeTarget "调整行间距Tests" */;
			buildPhases = (
				220075ED1C22506B00E20070 /* Sources */,
				220075EE1C22506B00E20070 /* Frameworks */,
				220075EF1C22506B00E20070 /* Resources */,
			);
			buildRules = (
			);
			dependencies = (
				220075F31C22506B00E20070 /* PBXTargetDependency */,
			);
			name = "调整行间距Tests";
			productName = "调整行间距Tests";
			productReference = 220075F11C22506B00E20070 /* 调整行间距Tests.xctest */;
			productType = "com.apple.product-type.bundle.unit-test";
		};
		220075FB1C22506B00E20070 /* 调整行间距UITests */ = {
			isa = PBXNativeTarget;
			buildConfigurationList = 2200760B1C22506B00E20070 /* Build configuration list for PBXNativeTarget "调整行间距UITests" */;
			buildPhases = (
				220075F81C22506B00E20070 /* Sources */,
				220075F91C22506B00E20070 /* Frameworks */,
				220075FA1C22506B00E20070 /* Resources */,
			);
			buildRules = (
			);
			dependencies = (
				220075FE1C22506B00E20070 /* PBXTargetDependency */,
			);
			name = "调整行间距UITests";
			productName = "调整行间距UITests";
			productReference = 220075FC1C22506B00E20070 /* 调整行间距UITests.xctest */;
			productType = "com.apple.product-type.bundle.ui-testing";
		};
/* End PBXNativeTarget section */

/* Begin PBXProject section */
		220075D01C22506B00E20070 /* Project object */ = {
			isa = PBXProject;
			attributes = {
				LastUpgradeCheck = 0710;
				ORGANIZATIONNAME = YYC;
				TargetAttributes = {
					220075D71C22506B00E20070 = {
						CreatedOnToolsVersion = 7.1;
					};
					220075F01C22506B00E20070 = {
						CreatedOnToolsVersion = 7.1;
						TestTargetID = 220075D71C22506B00E20070;
					};
					220075FB1C22506B00E20070 = {
						CreatedOnToolsVersion = 7.1;
						TestTargetID = 220075D71C22506B00E20070;
					};
				};
			};
			buildConfigurationList = 220075D31C22506B00E20070 /* Build configuration list for PBXProject "调整行间距" */;
			compatibilityVersion = "Xcode 3.2";
			developmentRegion = English;
			hasScannedForEncodings = 0;
			knownRegions = (
				en,
				Base,
			);
			mainGroup = 220075CF1C22506B00E20070;
			productRefGroup = 220075D91C22506B00E20070 /* Products */;
			projectDirPath = "";
			projectRoot = "";
			targets = (
				220075D71C22506B00E20070 /* 调整行间距 */,
				220075F01C22506B00E20070 /* 调整行间距Tests */,
				220075FB1C22506B00E20070 /* 调整行间距UITests */,
			);
		};
/* End PBXProject section */

/* Begin PBXResourcesBuildPhase section */
		220075D61C22506B00E20070 /* Resources */ = {
			isa = PBXResourcesBuildPhase;
			buildActionMask = 2147483647;
			files = (
				220075EB1C22506B00E20070 /* LaunchScreen.storyboard in Resources */,
				220075E81C22506B00E20070 /* Assets.xcassets in Resources */,
				220075E61C22506B00E20070 /* Main.storyboard in Resources */,
			);
			runOnlyForDeploymentPostprocessing = 0;
		};
		220075EF1C22506B00E20070 /* Resources */ = {
			isa = PBXResourcesBuildPhase;
			buildActionMask = 2147483647;
			files = (
			);
			runOnlyForDeploymentPostprocessing = 0;
		};
		220075FA1C22506B00E20070 /* Resources */ = {
			isa = PBXResourcesBuildPhase;
			buildActionMask = 2147483647;
			files = (
			);
			runOnlyForDeploymentPostprocessing = 0;
		};
/* End PBXResourcesBuildPhase section */

/* Begin PBXSourcesBuildPhase section */
		220075D41C22506B00E20070 /* Sources */ = {
			isa = PBXSourcesBuildPhase;
			buildActionMask = 2147483647;
			files = (
				220075E31C22506B00E20070 /* ViewController.m in Sources */,
				220075E01C22506B00E20070 /* AppDelegate.m in Sources */,
				220075DD1C22506B00E20070 /* main.m in Sources */,
			);
			runOnlyForDeploymentPostprocessing = 0;
		};
		220075ED1C22506B00E20070 /* Sources */ = {
			isa = PBXSourcesBuildPhase;
			buildActionMask = 2147483647;
			files = (
				220075F61C22506B00E20070 /* _____Tests.m in Sources */,
			);
			runOnlyForDeploymentPostprocessing = 0;
		};
		220075F81C22506B00E20070 /* Sources */ = {
			isa = PBXSourcesBuildPhase;
			buildActionMask = 2147483647;
			files = (
				220076011C22506B00E20070 /* _____UITests.m in Sources */,
			);
			runOnlyForDeploymentPostprocessing = 0;
		};
/* End PBXSourcesBuildPhase section */

/* Begin PBXTargetDependency section */
		220075F31C22506B00E20070 /* PBXTargetDependency */ = {
			isa = PBXTargetDependency;
			target = 220075D71C22506B00E20070 /* 调整行间距 */;
			targetProxy = 220075F21C22506B00E20070 /* PBXContainerItemProxy */;
		};
		220075FE1C22506B00E20070 /* PBXTargetDependency */ = {
			isa = PBXTargetDependency;
			target = 220075D71C22506B00E20070 /* 调整行间距 */;
			targetProxy = 220075FD1C22506B00E20070 /* PBXContainerItemProxy */;
		};
/* End PBXTargetDependency section */

/* Begin PBXVariantGroup section */
		220075E41C22506B00E20070 /* Main.storyboard */ = {
			isa = PBXVariantGroup;
			children = (
				220075E51C22506B00E20070 /* Base */,
			);
			name = Main.storyboard;
			sourceTree = "<group>";
		};
		220075E91C22506B00E20070 /* LaunchScreen.storyboard */ = {
			isa = PBXVariantGroup;
			children = (
				220075EA1C22506B00E20070 /* Base */,
			);
			name = LaunchScreen.storyboard;
			sourceTree = "<group>";
		};
/* End PBXVariantGroup section */

/* Begin XCBuildConfiguration section */
		220076031C22506B00E20070 /* Debug */ = {
			isa = XCBuildConfiguration;
			buildSettings = {
				ALWAYS_SEARCH_USER_PATHS = NO;
				CLANG_CXX_LANGUAGE_STANDARD = "gnu++0x";
				CLANG_CXX_LIBRARY = "libc++";
				CLANG_ENABLE_MODULES = YES;
				CLANG_ENABLE_OBJC_ARC = YES;
				CLANG_WARN_BOOL_CONVERSION = YES;
				CLANG_WARN_CONSTANT_CONVERSION = YES;
				CLANG_WARN_DIRECT_OBJC_ISA_USAGE = YES_ERROR;
				CLANG_WARN_EMPTY_BODY = YES;
				CLANG_WARN_ENUM_CONVERSION = YES;
				CLANG_WARN_INT_CONVERSION = YES;
				CLANG_WARN_OBJC_ROOT_CLASS = YES_ERROR;
				CLANG_WARN_UNREACHABLE_CODE = YES;
				CLANG_WARN__DUPLICATE_METHOD_MATCH = YES;
				"CODE_SIGN_IDENTITY[sdk=iphoneos*]" = "iPhone Developer";
				COPY_PHASE_STRIP = NO;
				DEBUG_INFORMATION_FORMAT = dwarf;
				ENABLE_STRICT_OBJC_MSGSEND = YES;
				ENABLE_TESTABILITY = YES;
				GCC_C_LANGUAGE_STANDARD = gnu99;
				GCC_DYNAMIC_NO_PIC = NO;
				GCC_NO_COMMON_BLOCKS = YES;
				GCC_OPTIMIZATION_LEVEL = 0;
				GCC_PREPROCESSOR_DEFINITIONS = (
					"DEBUG=1",
					"$(inherited)",
				);
				GCC_WARN_64_TO_32_BIT_CONVERSION = YES;
				GCC_WARN_ABOUT_RETURN_TYPE = YES_ERROR;
				GCC_WARN_UNDECLARED_SELECTOR = YES;
				GCC_WARN_UNINITIALIZED_AUTOS = YES_AGGRESSIVE;
				GCC_WARN_UNUSED_FUNCTION = YES;
				GCC_WARN_UNUSED_VARIABLE = YES;
				IPHONEOS_DEPLOYMENT_TARGET = 9.1;
				MTL_ENABLE_DEBUG_INFO = YES;
				ONLY_ACTIVE_ARCH = YES;
				SDKROOT = iphoneos;
			};
			name = Debug;
		};
		220076041C22506B00E20070 /* Release */ = {
			isa = XCBuildConfiguration;
			buildSettings = {
				ALWAYS_SEARCH_USER_PATHS = NO;
				CLANG_CXX_LANGUAGE_STANDARD = "gnu++0x";
				CLANG_CXX_LIBRARY = "libc++";
				CLANG_ENABLE_MODULES = YES;
				CLANG_ENABLE_OBJC_ARC = YES;
				CLANG_WARN_BOOL_CONVERSION = YES;
				CLANG_WARN_CONSTANT_CONVERSION = YES;
				CLANG_WARN_DIRECT_OBJC_ISA_USAGE = YES_ERROR;
				CLANG_WARN_EMPTY_BODY = YES;
				CLANG_WARN_ENUM_CONVERSION = YES;
				CLANG_WARN_INT_CONVERSION = YES;
				CLANG_WARN_OBJC_ROOT_CLASS = YES_ERROR;
				CLANG_WARN_UNREACHABLE_CODE = YES;
				CLANG_WARN__DUPLICATE_METHOD_MATCH = YES;
				"CODE_SIGN_IDENTITY[sdk=iphoneos*]" = "iPhone Developer";
				COPY_PHASE_STRIP = NO;
				DEBUG_INFORMATION_FORMAT = "dwarf-with-dsym";
				ENABLE_NS_ASSERTIONS = NO;
				ENABLE_STRICT_OBJC_MSGSEND = YES;
				GCC_C_LANGUAGE_STANDARD = gnu99;
				GCC_NO_COMMON_BLOCKS = YES;
				GCC_WARN_64_TO_32_BIT_CONVERSION = YES;
				GCC_WARN_ABOUT_RETURN_TYPE = YES_ERROR;
				GCC_WARN_UNDECLARED_SELECTOR = YES;
				GCC_WARN_UNINITIALIZED_AUTOS = YES_AGGRESSIVE;
				GCC_WARN_UNUSED_FUNCTION = YES;
				GCC_WARN_UNUSED_VARIABLE = YES;
				IPHONEOS_DEPLOYMENT_TARGET = 9.1;
				MTL_ENABLE_DEBUG_INFO = NO;
				SDKROOT = iphoneos;
				VALIDATE_PRODUCT = YES;
			};
			name = Release;
		};
		220076061C22506B00E20070 /* Debug */ = {
			isa = XCBuildConfiguration;
			buildSettings = {
				ASSETCATALOG_COMPILER_APPICON_NAME = AppIcon;
				INFOPLIST_FILE = "调整行间距/Info.plist";
				LD_RUNPATH_SEARCH_PATHS = "$(inherited) @executable_path/Frameworks";
				PRODUCT_BUNDLE_IDENTIFIER = "com.esky.-----";
				PRODUCT_NAME = "$(TARGET_NAME)";
			};
			name = Debug;
		};
		220076071C22506B00E20070 /* Release */ = {
			isa = XCBuildConfiguration;
			buildSettings = {
				ASSETCATALOG_COMPILER_APPICON_NAME = AppIcon;
				INFOPLIST_FILE = "调整行间距/Info.plist";
				LD_RUNPATH_SEARCH_PATHS = "$(inherited) @executable_path/Frameworks";
				PRODUCT_BUNDLE_IDENTIFIER = "com.esky.-----";
				PRODUCT_NAME = "$(TARGET_NAME)";
			};
			name = Release;
		};
		220076091C22506B00E20070 /* Debug */ = {
			isa = XCBuildConfiguration;
			buildSettings = {
				BUNDLE_LOADER = "$(TEST_HOST)";
				INFOPLIST_FILE = "调整行间距Tests/Info.plist";
				LD_RUNPATH_SEARCH_PATHS = "$(inherited) @executable_path/Frameworks @loader_path/Frameworks";
				PRODUCT_BUNDLE_IDENTIFIER = "com.esky.-----Tests";
				PRODUCT_NAME = "$(TARGET_NAME)";
				TEST_HOST = "$(BUILT_PRODUCTS_DIR)/调整行间距.app/调整行间距";
			};
			name = Debug;
		};
		2200760A1C22506B00E20070 /* Release */ = {
			isa = XCBuildConfiguration;
			buildSettings = {
				BUNDLE_LOADER = "$(TEST_HOST)";
				INFOPLIST_FILE = "调整行间距Tests/Info.plist";
				LD_RUNPATH_SEARCH_PATHS = "$(inherited) @executable_path/Frameworks @loader_path/Frameworks";
				PRODUCT_BUNDLE_IDENTIFIER = "com.esky.-----Tests";
				PRODUCT_NAME = "$(TARGET_NAME)";
				TEST_HOST = "$(BUILT_PRODUCTS_DIR)/调整行间距.app/调整行间距";
			};
			name = Release;
		};
		2200760C1C22506B00E20070 /* Debug */ = {
			isa = XCBuildConfiguration;
			buildSettings = {
				INFOPLIST_FILE = "调整行间距UITests/Info.plist";
				LD_RUNPATH_SEARCH_PATHS = "$(inherited) @executable_path/Frameworks @loader_path/Frameworks";
				PRODUCT_BUNDLE_IDENTIFIER = "com.esky.-----UITests";
				PRODUCT_NAME = "$(TARGET_NAME)";
				TEST_TARGET_NAME = "调整行间距";
				USES_XCTRUNNER = YES;
			};
			name = Debug;
		};
		2200760D1C22506B00E20070 /* Release */ = {
			isa = XCBuildConfiguration;
			buildSettings = {
				INFOPLIST_FILE = "调整行间距UITests/Info.plist";
				LD_RUNPATH_SEARCH_PATHS = "$(inherited) @executable_path/Frameworks @loader_path/Frameworks";
				PRODUCT_BUNDLE_IDENTIFIER = "com.esky.-----UITests";
				PRODUCT_NAME = "$(TARGET_NAME)";
				TEST_TARGET_NAME = "调整行间距";
				USES_XCTRUNNER = YES;
			};
			name = Release;
		};
/* End XCBuildConfiguration section */

/* Begin XCConfigurationList section */
		220075D31C22506B00E20070 /* Build configuration list for PBXProject "调整行间距" */ = {
			isa = XCConfigurationList;
			buildConfigurations = (
				220076031C22506B00E20070 /* Debug */,
				220076041C22506B00E20070 /* Release */,
			);
			defaultConfigurationIsVisible = 0;
			defaultConfigurationName = Release;
		};
		220076051C22506B00E20070 /* Build configuration list for PBXNativeTarget "调整行间距" */ = {
			isa = XCConfigurationList;
			buildConfigurations = (
				220076061C22506B00E20070 /* Debug */,
				220076071C22506B00E20070 /* Release */,
			);
			defaultConfigurationIsVisible = 0;
		};
		220076081C22506B00E20070 /* Build configuration list for PBXNativeTarget "调整行间距Tests" */ = {
			isa = XCConfigurationList;
			buildConfigurations = (
				220076091C22506B00E20070 /* Debug */,
				2200760A1C22506B00E20070 /* Release */,
			);
			defaultConfigurationIsVisible = 0;
		};
		2200760B1C22506B00E20070 /* Build configuration list for PBXNativeTarget "调整行间距UITests" */ = {
			isa = XCConfigurationList;
			buildConfigurations = (
				2200760C1C22506B00E20070 /* Debug */,
				2200760D1C22506B00E20070 /* Release */,
			);
			defaultConfigurationIsVisible = 0;
		};
/* End XCConfigurationList section */
	};
	rootObject = 220075D01C22506B00E20070 /* Project object */;
}
